
Microsoft Visual Studio Solution File, Format Version 12.00
# Visual Studio Version 17
VisualStudioVersion = 17.4.33122.133
MinimumVisualStudioVersion = 10.0.40219.1
Project("{FAE04EC0-301F-11D3-BF4B-00C04F79EFBC}") = "AutomationProject_01", "AutomationProject_01.csproj", "{BDD4038E-7D4C-4600-8FA9-120BA83BF3E2}"
EndProject
Global
	GlobalSection(SolutionConfigurationPlatforms) = preSolution
		Debug|Any CPU = Debug|Any CPU
		Release|Any CPU = Release|Any CPU
	EndGlobalSection
	GlobalSection(ProjectConfigurationPlatforms) = postSolution
		{BDD4038E-7D4C-4600-8FA9-120BA83BF3E2}.Debug|Any CPU.ActiveCfg = Debug|Any CPU
		{BDD4038E-7D4C-4600-8FA9-120BA83BF3E2}.Debug|Any CPU.Build.0 = Debug|Any CPU
		{BDD4038E-7D4C-4600-8FA9-120BA83BF3E2}.Release|Any CPU.ActiveCfg = Release|Any CPU
		{BDD4038E-7D4C-4600-8FA9-120BA83BF3E2}.Release|Any CPU.Build.0 = Release|Any CPU
	EndGlobalSection
	GlobalSection(SolutionProperties) = preSolution
		HideSolutionNode = FALSE
	EndGlobalSection
	GlobalSection(ExtensibilityGlobals) = postSolution
		SolutionGuid = {DFB091F9-D143-4AA1-B53F-EB3A57DF38C3}
	EndGlobalSection
EndGlobal
